
Microsoft Visual Studio Solution File, Format Version 12.00
# Visual Studio Version 17
VisualStudioVersion = 17.8.34316.72
MinimumVisualStudioVersion = 10.0.40219.1
Project("{9A19103F-16F7-4668-BE54-9A1E7A4F7556}") = "ccfile", "ccfile.csproj", "{2F7CA718-D144-414E-9069-7587605CB8D2}"
EndProject
Global
	GlobalSection(SolutionConfigurationPlatforms) = preSolution
		Debug|Any CPU = Debug|Any CPU
		Release|Any CPU = Release|Any CPU
	EndGlobalSection
	GlobalSection(ProjectConfigurationPlatforms) = postSolution
		{2F7CA718-D144-414E-9069-7587605CB8D2}.Debug|Any CPU.ActiveCfg = Debug|Any CPU
		{2F7CA718-D144-414E-9069-7587605CB8D2}.Debug|Any CPU.Build.0 = Debug|Any CPU
		{2F7CA718-D144-414E-9069-7587605CB8D2}.Release|Any CPU.ActiveCfg = Release|Any CPU
		{2F7CA718-D144-414E-9069-7587605CB8D2}.Release|Any CPU.Build.0 = Release|Any CPU
	EndGlobalSection
	GlobalSection(SolutionProperties) = preSolution
		HideSolutionNode = FALSE
	EndGlobalSection
	GlobalSection(ExtensibilityGlobals) = postSolution
		SolutionGuid = {2A4D9E63-6A67-4A6A-8EA3-F1C44658F98C}
	EndGlobalSection
EndGlobal
